// !$*UTF8*$!
{
	archiveVersion = 1;
	classes = {
	};
	objectVersion = 55;
	objects = {

/* Begin PBXBuildFile section */
		8ACBB8CA28AEFAB800C3154E /* QRCodeGenerateApp.swift in Sources */ = {isa = PBXBuildFile; fileRef = 8ACBB8BA28AEFAB000C3154E /* QRCodeGenerateApp.swift */; };
		8ACBB8CB28AEFAB800C3154E /* QRCodeGenerateApp.swift in Sources */ = {isa = PBXBuildFile; fileRef = 8ACBB8BA28AEFAB000C3154E /* QRCodeGenerateApp.swift */; };
		8ACBB8CC28AEFAB800C3154E /* ContentView.swift in Sources */ = {isa = PBXBuildFile; fileRef = 8ACBB8BB28AEFAB000C3154E /* ContentView.swift */; };
		8ACBB8CD28AEFAB800C3154E /* ContentView.swift in Sources */ = {isa = PBXBuildFile; fileRef = 8ACBB8BB28AEFAB000C3154E /* ContentView.swift */; };
		8ACBB8CE28AEFAB800C3154E /* Assets.xcassets in Resources */ = {isa = PBXBuildFile; fileRef = 8ACBB8BC28AEFAB800C3154E /* Assets.xcassets */; };
		8ACBB8CF28AEFAB800C3154E /* Assets.xcassets in Resources */ = {isa = PBXBuildFile; fileRef = 8ACBB8BC28AEFAB800C3154E /* Assets.xcassets */; };
		8ACBB8D928AEFB3000C3154E /* QRCode.swift in Sources */ = {isa = PBXBuildFile; fileRef = 8ACBB8D828AEFB3000C3154E /* QRCode.swift */; };
		8ACBB8DA28AEFB3000C3154E /* QRCode.swift in Sources */ = {isa = PBXBuildFile; fileRef = 8ACBB8D828AEFB3000C3154E /* QRCode.swift */; };
/* End PBXBuildFile section */

/* Begin PBXFileReference section */
		8ACBB8BA28AEFAB000C3154E /* QRCodeGenerateApp.swift */ = {isa = PBXFileReference; lastKnownFileType = sourcecode.swift; path = QRCodeGenerateApp.swift; sourceTree = "<group>"; };
		8ACBB8BB28AEFAB000C3154E /* ContentView.swift */ = {isa = PBXFileReference; lastKnownFileType = sourcecode.swift; path = ContentView.swift; sourceTree = "<group>"; };
		8ACBB8BC28AEFAB800C3154E /* Assets.xcassets */ = {isa = PBXFileReference; lastKnownFileType = folder.assetcatalog; path = Assets.xcassets; sourceTree = "<group>"; };
		8ACBB8C128AEFAB800C3154E /* QRCodeGenerate.app */ = {isa = PBXFileReference; explicitFileType = wrapper.application; includeInIndex = 0; path = QRCodeGenerate.app; sourceTree = BUILT_PRODUCTS_DIR; };
		8ACBB8C728AEFAB800C3154E /* QRCodeGenerate.app */ = {isa = PBXFileReference; explicitFileType = wrapper.application; includeInIndex = 0; path = QRCodeGenerate.app; sourceTree = BUILT_PRODUCTS_DIR; };
		8ACBB8C928AEFAB800C3154E /* macOS.entitlements */ = {isa = PBXFileReference; lastKnownFileType = text.plist.entitlements; path = macOS.entitlements; sourceTree = "<group>"; };
		8ACBB8D828AEFB3000C3154E /* QRCode.swift */ = {isa = PBXFileReference; lastKnownFileType = sourcecode.swift; path = QRCode.swift; sourceTree = "<group>"; };
/* End PBXFileReference section */

/* Begin PBXFrameworksBuildPhase section */
		8ACBB8BE28AEFAB800C3154E /* Frameworks */ = {
			isa = PBXFrameworksBuildPhase;
			buildActionMask = 2147483647;
			files = (
			);
			runOnlyForDeploymentPostprocessing = 0;
		};
		8ACBB8C428AEFAB800C3154E /* Frameworks */ = {
			isa = PBXFrameworksBuildPhase;
			buildActionMask = 2147483647;
			files = (
			);
			runOnlyForDeploymentPostprocessing = 0;
		};
/* End PBXFrameworksBuildPhase section */

/* Begin PBXGroup section */
		8ACBB8B428AEFAB000C3154E = {
			isa = PBXGroup;
			children = (
				8ACBB8B928AEFAB000C3154E /* Shared */,
				8ACBB8C828AEFAB800C3154E /* macOS */,
				8ACBB8C228AEFAB800C3154E /* Products */,
			);
			sourceTree = "<group>";
		};
		8ACBB8B928AEFAB000C3154E /* Shared */ = {
			isa = PBXGroup;
			children = (
				8ACBB8BA28AEFAB000C3154E /* QRCodeGenerateApp.swift */,
				8ACBB8BB28AEFAB000C3154E /* ContentView.swift */,
				8ACBB8D828AEFB3000C3154E /* QRCode.swift */,
				8ACBB8BC28AEFAB800C3154E /* Assets.xcassets */,
			);
			path = Shared;
			sourceTree = "<group>";
		};
		8ACBB8C228AEFAB800C3154E /* Products */ = {
			isa = PBXGroup;
			children = (
				8ACBB8C128AEFAB800C3154E /* QRCodeGenerate.app */,
				8ACBB8C728AEFAB800C3154E /* QRCodeGenerate.app */,
			);
			name = Products;
			sourceTree = "<group>";
		};
		8ACBB8C828AEFAB800C3154E /* macOS */ = {
			isa = PBXGroup;
			children = (
				8ACBB8C928AEFAB800C3154E /* macOS.entitlements */,
			);
			path = macOS;
			sourceTree = "<group>";
		};
/* End PBXGroup section */

/* Begin PBXNativeTarget section */
		8ACBB8C028AEFAB800C3154E /* QRCodeGenerate (iOS) */ = {
			isa = PBXNativeTarget;
			buildConfigurationList = 8ACBB8D228AEFAB800C3154E /* Build configuration list for PBXNativeTarget "QRCodeGenerate (iOS)" */;
			buildPhases = (
				8ACBB8BD28AEFAB800C3154E /* Sources */,
				8ACBB8BE28AEFAB800C3154E /* Frameworks */,
				8ACBB8BF28AEFAB800C3154E /* Resources */,
			);
			buildRules = (
			);
			dependencies = (
			);
			name = "QRCodeGenerate (iOS)";
			productName = "QRCodeGenerate (iOS)";
			productReference = 8ACBB8C128AEFAB800C3154E /* QRCodeGenerate.app */;
			productType = "com.apple.product-type.application";
		};
		8ACBB8C628AEFAB800C3154E /* QRCodeGenerate (macOS) */ = {
			isa = PBXNativeTarget;
			buildConfigurationList = 8ACBB8D528AEFAB800C3154E /* Build configuration list for PBXNativeTarget "QRCodeGenerate (macOS)" */;
			buildPhases = (
				8ACBB8C328AEFAB800C3154E /* Sources */,
				8ACBB8C428AEFAB800C3154E /* Frameworks */,
				8ACBB8C528AEFAB800C3154E /* Resources */,
			);
			buildRules = (
			);
			dependencies = (
			);
			name = "QRCodeGenerate (macOS)";
			productName = "QRCodeGenerate (macOS)";
			productReference = 8ACBB8C728AEFAB800C3154E /* QRCodeGenerate.app */;
			productType = "com.apple.product-type.application";
		};
/* End PBXNativeTarget section */

/* Begin PBXProject section */
		8ACBB8B528AEFAB000C3154E /* Project object */ = {
			isa = PBXProject;
			attributes = {
				BuildIndependentTargetsInParallel = 1;
				LastSwiftUpdateCheck = 1340;
				LastUpgradeCheck = 1340;
				TargetAttributes = {
					8ACBB8C028AEFAB800C3154E = {
						CreatedOnToolsVersion = 13.4.1;
					};
					8ACBB8C628AEFAB800C3154E = {
						CreatedOnToolsVersion = 13.4.1;
					};
				};
			};
			buildConfigurationList = 8ACBB8B828AEFAB000C3154E /* Build configuration list for PBXProject "QRCodeGenerate" */;
			compatibilityVersion = "Xcode 13.0";
			developmentRegion = en;
			hasScannedForEncodings = 0;
			knownRegions = (
				en,
				Base,
			);
			mainGroup = 8ACBB8B428AEFAB000C3154E;
			productRefGroup = 8ACBB8C228AEFAB800C3154E /* Products */;
			projectDirPath = "";
			projectRoot = "";
			targets = (
				8ACBB8C028AEFAB800C3154E /* QRCodeGenerate (iOS) */,
				8ACBB8C628AEFAB800C3154E /* QRCodeGenerate (macOS) */,
			);
		};
/* End PBXProject section */

/* Begin PBXResourcesBuildPhase section */
		8ACBB8BF28AEFAB800C3154E /* Resources */ = {
			isa = PBXResourcesBuildPhase;
			buildActionMask = 2147483647;
			files = (
				8ACBB8CE28AEFAB800C3154E /* Assets.xcassets in Resources */,
			);
			runOnlyForDeploymentPostprocessing = 0;
		};
		8ACBB8C528AEFAB800C3154E /* Resources */ = {
			isa = PBXResourcesBuildPhase;
			buildActionMask = 2147483647;
			files = (
				8ACBB8CF28AEFAB800C3154E /* Assets.xcassets in Resources */,
			);
			runOnlyForDeploymentPostprocessing = 0;
		};
/* End PBXResourcesBuildPhase section */

/* Begin PBXSourcesBuildPhase section */
		8ACBB8BD28AEFAB800C3154E /* Sources */ = {
			isa = PBXSourcesBuildPhase;
			buildActionMask = 2147483647;
			files = (
				8ACBB8CC28AEFAB800C3154E /* ContentView.swift in Sources */,
				8ACBB8CA28AEFAB800C3154E /* QRCodeGenerateApp.swift in Sources */,
				8ACBB8D928AEFB3000C3154E /* QRCode.swift in Sources */,
			);
			runOnlyForDeploymentPostprocessing = 0;
		};
		8ACBB8C328AEFAB800C3154E /* Sources */ = {
			isa = PBXSourcesBuildPhase;
			buildActionMask = 2147483647;
			files = (
				8ACBB8CD28AEFAB800C3154E /* ContentView.swift in Sources */,
				8ACBB8CB28AEFAB800C3154E /* QRCodeGenerateApp.swift in Sources */,
				8ACBB8DA28AEFB3000C3154E /* QRCode.swift in Sources */,
			);
			runOnlyForDeploymentPostprocessing = 0;
		};
/* End PBXSourcesBuildPhase section */

/* Begin XCBuildConfiguration section */
		8ACBB8D028AEFAB800C3154E /* Debug */ = {
			isa = XCBuildConfiguration;
			buildSettings = {
				ALWAYS_SEARCH_USER_PATHS = NO;
				CLANG_ANALYZER_NONNULL = YES;
				CLANG_ANALYZER_NUMBER_OBJECT_CONVERSION = YES_AGGRESSIVE;
				CLANG_CXX_LANGUAGE_STANDARD = "gnu++17";
				CLANG_ENABLE_MODULES = YES;
				CLANG_ENABLE_OBJC_ARC = YES;
				CLANG_ENABLE_OBJC_WEAK = YES;
				CLANG_WARN_BLOCK_CAPTURE_AUTORELEASING = YES;
				CLANG_WARN_BOOL_CONVERSION = YES;
				CLANG_WARN_COMMA = YES;
				CLANG_WARN_CONSTANT_CONVERSION = YES;
				CLANG_WARN_DEPRECATED_OBJC_IMPLEMENTATIONS = YES;
				CLANG_WARN_DIRECT_OBJC_ISA_USAGE = YES_ERROR;
				CLANG_WARN_DOCUMENTATION_COMMENTS = YES;
				CLANG_WARN_EMPTY_BODY = YES;
				CLANG_WARN_ENUM_CONVERSION = YES;
				CLANG_WARN_INFINITE_RECURSION = YES;
				CLANG_WARN_INT_CONVERSION = YES;
				CLANG_WARN_NON_LITERAL_NULL_CONVERSION = YES;
				CLANG_WARN_OBJC_IMPLICIT_RETAIN_SELF = YES;
				CLANG_WARN_OBJC_LITERAL_CONVERSION = YES;
				CLANG_WARN_OBJC_ROOT_CLASS = YES_ERROR;
				CLANG_WARN_QUOTED_INCLUDE_IN_FRAMEWORK_HEADER = YES;
				CLANG_WARN_RANGE_LOOP_ANALYSIS = YES;
				CLANG_WARN_STRICT_PROTOTYPES = YES;
				CLANG_WARN_SUSPICIOUS_MOVE = YES;
				CLANG_WARN_UNGUARDED_AVAILABILITY = YES_AGGRESSIVE;
				CLANG_WARN_UNREACHABLE_CODE = YES;
				CLANG_WARN__DUPLICATE_METHOD_MATCH = YES;
				COPY_PHASE_STRIP = NO;
				DEBUG_INFORMATION_FORMAT = dwarf;
				ENABLE_STRICT_OBJC_MSGSEND = YES;
				ENABLE_TESTABILITY = YES;
				GCC_C_LANGUAGE_STANDARD = gnu11;
				GCC_DYNAMIC_NO_PIC = NO;
				GCC_NO_COMMON_BLOCKS = YES;
				GCC_OPTIMIZATION_LEVEL = 0;
				GCC_PREPROCESSOR_DEFINITIONS = (
					"DEBUG=1",
					"$(inherited)",
				);
				GCC_WARN_64_TO_32_BIT_CONVERSION = YES;
				GCC_WARN_ABOUT_RETURN_TYPE = YES_ERROR;
				GCC_WARN_UNDECLARED_SELECTOR = YES;
				GCC_WARN_UNINITIALIZED_AUTOS = YES_AGGRESSIVE;
				GCC_WARN_UNUSED_FUNCTION = YES;
				GCC_WARN_UNUSED_VARIABLE = YES;
				MTL_ENABLE_DEBUG_INFO = INCLUDE_SOURCE;
				MTL_FAST_MATH = YES;
				ONLY_ACTIVE_ARCH = YES;
				SWIFT_ACTIVE_COMPILATION_CONDITIONS = DEBUG;
				SWIFT_OPTIMIZATION_LEVEL = "-Onone";
			};
			name = Debug;
		};
		8ACBB8D128AEFAB800C3154E /* Release */ = {
			isa = XCBuildConfiguration;
			buildSettings = {
				ALWAYS_SEARCH_USER_PATHS = NO;
				CLANG_ANALYZER_NONNULL = YES;
				CLANG_ANALYZER_NUMBER_OBJECT_CONVERSION = YES_AGGRESSIVE;
				CLANG_CXX_LANGUAGE_STANDARD = "gnu++17";
				CLANG_ENABLE_MODULES = YES;
				CLANG_ENABLE_OBJC_ARC = YES;
				CLANG_ENABLE_OBJC_WEAK = YES;
				CLANG_WARN_BLOCK_CAPTURE_AUTORELEASING = YES;
				CLANG_WARN_BOOL_CONVERSION = YES;
				CLANG_WARN_COMMA = YES;
				CLANG_WARN_CONSTANT_CONVERSION = YES;
				CLANG_WARN_DEPRECATED_OBJC_IMPLEMENTATIONS = YES;
				CLANG_WARN_DIRECT_OBJC_ISA_USAGE = YES_ERROR;
				CLANG_WARN_DOCUMENTATION_COMMENTS = YES;
				CLANG_WARN_EMPTY_BODY = YES;
				CLANG_WARN_ENUM_CONVERSION = YES;
				CLANG_WARN_INFINITE_RECURSION = YES;
				CLANG_WARN_INT_CONVERSION = YES;
				CLANG_WARN_NON_LITERAL_NULL_CONVERSION = YES;
				CLANG_WARN_OBJC_IMPLICIT_RETAIN_SELF = YES;
				CLANG_WARN_OBJC_LITERAL_CONVERSION = YES;
				CLANG_WARN_OBJC_ROOT_CLASS = YES_ERROR;
				CLANG_WARN_QUOTED_INCLUDE_IN_FRAMEWORK_HEADER = YES;
				CLANG_WARN_RANGE_LOOP_ANALYSIS = YES;
				CLANG_WARN_STRICT_PROTOTYPES = YES;
				CLANG_WARN_SUSPICIOUS_MOVE = YES;
				CLANG_WARN_UNGUARDED_AVAILABILITY = YES_AGGRESSIVE;
				CLANG_WARN_UNREACHABLE_CODE = YES;
				CLANG_WARN__DUPLICATE_METHOD_MATCH = YES;
				COPY_PHASE_STRIP = NO;
				DEBUG_INFORMATION_FORMAT = "dwarf-with-dsym";
				ENABLE_NS_ASSERTIONS = NO;
				ENABLE_STRICT_OBJC_MSGSEND = YES;
				GCC_C_LANGUAGE_STANDARD = gnu11;
				GCC_NO_COMMON_BLOCKS = YES;
				GCC_WARN_64_TO_32_BIT_CONVERSION = YES;
				GCC_WARN_ABOUT_RETURN_TYPE = YES_ERROR;
				GCC_WARN_UNDECLARED_SELECTOR = YES;
				GCC_WARN_UNINITIALIZED_AUTOS = YES_AGGRESSIVE;
				GCC_WARN_UNUSED_FUNCTION = YES;
				GCC_WARN_UNUSED_VARIABLE = YES;
				MTL_ENABLE_DEBUG_INFO = NO;
				MTL_FAST_MATH = YES;
				SWIFT_COMPILATION_MODE = wholemodule;
				SWIFT_OPTIMIZATION_LEVEL = "-O";
			};
			name = Release;
		};
		8ACBB8D328AEFAB800C3154E /* Debug */ = {
			isa = XCBuildConfiguration;
			buildSettings = {
				ASSETCATALOG_COMPILER_APPICON_NAME = AppIcon;
				ASSETCATALOG_COMPILER_GLOBAL_ACCENT_COLOR_NAME = AccentColor;
				CODE_SIGN_STYLE = Automatic;
				CURRENT_PROJECT_VERSION = 1;
				DEVELOPMENT_TEAM = 6X5ZKL635J;
				ENABLE_PREVIEWS = YES;
				GENERATE_INFOPLIST_FILE = YES;
				INFOPLIST_KEY_UIApplicationSceneManifest_Generation = YES;
				INFOPLIST_KEY_UIApplicationSupportsIndirectInputEvents = YES;
				INFOPLIST_KEY_UILaunchScreen_Generation = YES;
				INFOPLIST_KEY_UISupportedInterfaceOrientations = UIInterfaceOrientationPortrait;
				INFOPLIST_KEY_UISupportedInterfaceOrientations_iPad = "UIInterfaceOrientationPortrait UIInterfaceOrientationPortraitUpsideDown UIInterfaceOrientationLandscapeLeft UIInterfaceOrientationLandscapeRight";
				INFOPLIST_KEY_UISupportedInterfaceOrientations_iPhone = "UIInterfaceOrientationPortrait UIInterfaceOrientationLandscapeLeft UIInterfaceOrientationLandscapeRight";
				IPHONEOS_DEPLOYMENT_TARGET = 15.5;
				LD_RUNPATH_SEARCH_PATHS = (
					"$(inherited)",
					"@executable_path/Frameworks",
				);
				MARKETING_VERSION = 1.0;
				PRODUCT_BUNDLE_IDENTIFIER = com.example.QRCodeGenerate;
				PRODUCT_NAME = QRCodeGenerate;
				SDKROOT = iphoneos;
				SWIFT_EMIT_LOC_STRINGS = YES;
				SWIFT_VERSION = 5.0;
				TARGETED_DEVICE_FAMILY = 1;
			};
			name = Debug;
		};
		8ACBB8D428AEFAB800C3154E /* Release */ = {
			isa = XCBuildConfiguration;
			buildSettings = {
				ASSETCATALOG_COMPILER_APPICON_NAME = AppIcon;
				ASSETCATALOG_COMPILER_GLOBAL_ACCENT_COLOR_NAME = AccentColor;
				CODE_SIGN_STYLE = Automatic;
				CURRENT_PROJECT_VERSION = 1;
				DEVELOPMENT_TEAM = 6X5ZKL635J;
				ENABLE_PREVIEWS = YES;
				GENERATE_INFOPLIST_FILE = YES;
				INFOPLIST_KEY_UIApplicationSceneManifest_Generation = YES;
				INFOPLIST_KEY_UIApplicationSupportsIndirectInputEvents = YES;
				INFOPLIST_KEY_UILaunchScreen_Generation = YES;
				INFOPLIST_KEY_UISupportedInterfaceOrientations = UIInterfaceOrientationPortrait;
				INFOPLIST_KEY_UISupportedInterfaceOrientations_iPad = "UIInterfaceOrientationPortrait UIInterfaceOrientationPortraitUpsideDown UIInterfaceOrientationLandscapeLeft UIInterfaceOrientationLandscapeRight";
				INFOPLIST_KEY_UISupportedInterfaceOrientations_iPhone = "UIInterfaceOrientationPortrait UIInterfaceOrientationLandscapeLeft UIInterfaceOrientationLandscapeRight";
				IPHONEOS_DEPLOYMENT_TARGET = 15.5;
				LD_RUNPATH_SEARCH_PATHS = (
					"$(inherited)",
					"@executable_path/Frameworks",
				);
				MARKETING_VERSION = 1.0;
				PRODUCT_BUNDLE_IDENTIFIER = com.example.QRCodeGenerate;
				PRODUCT_NAME = QRCodeGenerate;
				SDKROOT = iphoneos;
				SWIFT_EMIT_LOC_STRINGS = YES;
				SWIFT_VERSION = 5.0;
				TARGETED_DEVICE_FAMILY = 1;
				VALIDATE_PRODUCT = YES;
			};
			name = Release;
		};
		8ACBB8D628AEFAB800C3154E /* Debug */ = {
			isa = XCBuildConfiguration;
			buildSettings = {
				ASSETCATALOG_COMPILER_APPICON_NAME = AppIcon;
				ASSETCATALOG_COMPILER_GLOBAL_ACCENT_COLOR_NAME = AccentColor;
				CODE_SIGN_ENTITLEMENTS = macOS/macOS.entitlements;
				CODE_SIGN_STYLE = Automatic;
				COMBINE_HIDPI_IMAGES = YES;
				CURRENT_PROJECT_VERSION = 1;
				DEVELOPMENT_TEAM = 6X5ZKL635J;
				ENABLE_HARDENED_RUNTIME = YES;
				ENABLE_PREVIEWS = YES;
				GENERATE_INFOPLIST_FILE = YES;
				INFOPLIST_KEY_NSHumanReadableCopyright = "";
				LD_RUNPATH_SEARCH_PATHS = (
					"$(inherited)",
					"@executable_path/../Frameworks",
				);
				MACOSX_DEPLOYMENT_TARGET = 12.3;
				MARKETING_VERSION = 1.0;
				PRODUCT_BUNDLE_IDENTIFIER = com.example.QRCodeGenerate;
				PRODUCT_NAME = QRCodeGenerate;
				SDKROOT = macosx;
				SWIFT_EMIT_LOC_STRINGS = YES;
				SWIFT_VERSION = 5.0;
			};
			name = Debug;
		};
		8ACBB8D728AEFAB800C3154E /* Release */ = {
			isa = XCBuildConfiguration;
			buildSettings = {
				ASSETCATALOG_COMPILER_APPICON_NAME = AppIcon;
				ASSETCATALOG_COMPILER_GLOBAL_ACCENT_COLOR_NAME = AccentColor;
				CODE_SIGN_ENTITLEMENTS = macOS/macOS.entitlements;
				CODE_SIGN_STYLE = Automatic;
				COMBINE_HIDPI_IMAGES = YES;
				CURRENT_PROJECT_VERSION = 1;
				DEVELOPMENT_TEAM = 6X5ZKL635J;
				ENABLE_HARDENED_RUNTIME = YES;
				ENABLE_PREVIEWS = YES;
				GENERATE_INFOPLIST_FILE = YES;
				INFOPLIST_KEY_NSHumanReadableCopyright = "";
				LD_RUNPATH_SEARCH_PATHS = (
					"$(inherited)",
					"@executable_path/../Frameworks",
				);
				MACOSX_DEPLOYMENT_TARGET = 12.3;
				MARKETING_VERSION = 1.0;
				PRODUCT_BUNDLE_IDENTIFIER = com.example.QRCodeGenerate;
				PRODUCT_NAME = QRCodeGenerate;
				SDKROOT = macosx;
				SWIFT_EMIT_LOC_STRINGS = YES;
				SWIFT_VERSION = 5.0;
			};
			name = Release;
		};
/* End XCBuildConfiguration section */

/* Begin XCConfigurationList section */
		8ACBB8B828AEFAB000C3154E /* Build configuration list for PBXProject "QRCodeGenerate" */ = {
			isa = XCConfigurationList;
			buildConfigurations = (
				8ACBB8D028AEFAB800C3154E /* Debug */,
				8ACBB8D128AEFAB800C3154E /* Release */,
			);
			defaultConfigurationIsVisible = 0;
			defaultConfigurationName = Release;
		};
		8ACBB8D228AEFAB800C3154E /* Build configuration list for PBXNativeTarget "QRCodeGenerate (iOS)" */ = {
			isa = XCConfigurationList;
			buildConfigurations = (
				8ACBB8D328AEFAB800C3154E /* Debug */,
				8ACBB8D428AEFAB800C3154E /* Release */,
			);
			defaultConfigurationIsVisible = 0;
			defaultConfigurationName = Release;
		};
		8ACBB8D528AEFAB800C3154E /* Build configuration list for PBXNativeTarget "QRCodeGenerate (macOS)" */ = {
			isa = XCConfigurationList;
			buildConfigurations = (
				8ACBB8D628AEFAB800C3154E /* Debug */,
				8ACBB8D728AEFAB800C3154E /* Release */,
			);
			defaultConfigurationIsVisible = 0;
			defaultConfigurationName = Release;
		};
/* End XCConfigurationList section */
	};
	rootObject = 8ACBB8B528AEFAB000C3154E /* Project object */;
}
